
Microsoft Visual Studio Solution File, Format Version 12.00
# Visual Studio Version 17
VisualStudioVersion = 17.8.34330.188
MinimumVisualStudioVersion = 10.0.40219.1
Project("{2150E333-8FDC-42A3-9474-1A3956D46DE8}") = "Services", "Services", "{9C94A247-D88F-4AFF-80A2-681B29E8BFCC}"
EndProject
Project("{2150E333-8FDC-42A3-9474-1A3956D46DE8}") = "Catalog", "Catalog", "{A4C8A9AE-485B-43F2-A1D0-2C6FD6B49360}"
EndProject
Project("{2150E333-8FDC-42A3-9474-1A3956D46DE8}") = "Basket", "Basket", "{E40A82F4-3D72-4D33-9343-C8E93BAAFC3B}"
EndProject
Project("{9A19103F-16F7-4668-BE54-9A1E7A4F7556}") = "Basket.API", "Services\Basket\Bsket.API\Basket.API.csproj", "{8CC07CA8-F652-465C-9CAD-69D952D42583}"
EndProject
Project("{2150E333-8FDC-42A3-9474-1A3956D46DE8}") = "Discount", "Discount", "{8D7EFB86-667A-42D1-9140-77DA93D8A39F}"
EndProject
Project("{9A19103F-16F7-4668-BE54-9A1E7A4F7556}") = "Discount.API", "Services\Discount\Discount.API\Discount.API.csproj", "{E3D463D4-294D-44CD-BCA2-896233069199}"
EndProject
Project("{9A19103F-16F7-4668-BE54-9A1E7A4F7556}") = "Discount.Grpc", "Services\Discount\Discount.Grpc\Discount.Grpc.csproj", "{AD6E48F1-4F7C-4231-8BDA-E650D9A8F079}"
EndProject
Project("{2150E333-8FDC-42A3-9474-1A3956D46DE8}") = "Ordering", "Ordering", "{B4997E30-C26E-4705-81E2-11364FF719DF}"
EndProject
Project("{9A19103F-16F7-4668-BE54-9A1E7A4F7556}") = "Ordering.API", "Services\Ordering\Ordering.API\Ordering.API.csproj", "{1D86D0BA-63A0-413A-9B4C-97A9DD801C5A}"
EndProject
Project("{9A19103F-16F7-4668-BE54-9A1E7A4F7556}") = "Ordering.Domain", "Services\Ordering\Ordering.Domain\Ordering.Domain.csproj", "{E3D6262A-18AB-40DB-AFB8-D4D344CE067B}"
EndProject
Project("{9A19103F-16F7-4668-BE54-9A1E7A4F7556}") = "Ordering.Application", "Services\Ordering\Ordering.Application\Ordering.Application.csproj", "{23D38235-C1E5-4913-99A9-2C6582E9B3D4}"
EndProject
Project("{9A19103F-16F7-4668-BE54-9A1E7A4F7556}") = "Ordering.Infrastructure", "Services\Ordering\Ordering.Infrastructure\Ordering.Infrastructure.csproj", "{20FB993D-3067-4330-AC61-11375A011C56}"
EndProject
Project("{2150E333-8FDC-42A3-9474-1A3956D46DE8}") = "BuildingBlocks", "BuildingBlocks", "{766A6AF4-98C3-4078-8A58-96CA0FC5AE9E}"
EndProject
Project("{9A19103F-16F7-4668-BE54-9A1E7A4F7556}") = "EventBus.Messages", "BuildingBlocks\EventBus.Messages\EventBus.Messages.csproj", "{55A3E39D-0993-404F-85B9-938D6CAC0824}"
EndProject
Project("{9A19103F-16F7-4668-BE54-9A1E7A4F7556}") = "Common.Logging", "BuildingBlocks\Common.Logging\Common.Logging.csproj", "{BA04436F-9B36-4D28-91CA-95798FCC3A72}"
EndProject
Project("{2150E333-8FDC-42A3-9474-1A3956D46DE8}") = "APIGateways", "APIGateways", "{9EAD4377-8CC7-4935-AD5A-EE6FEB6D9C94}"
EndProject
Project("{9A19103F-16F7-4668-BE54-9A1E7A4F7556}") = "OcelotApiGw", "APIGateways\OcelotApiGw\OcelotApiGw.csproj", "{36488583-6061-4532-884A-EF503CE00088}"
EndProject
Project("{9A19103F-16F7-4668-BE54-9A1E7A4F7556}") = "Shopping.Aggregator", "APIGateways\Shopping.Aggregator\Shopping.Aggregator.csproj", "{F5C1DA91-6188-48A5-8A51-E43258FEBEAD}"
EndProject
Project("{2150E333-8FDC-42A3-9474-1A3956D46DE8}") = "WebApps", "WebApps", "{89367C0C-3BF7-4EBE-80B6-CF772E90AC72}"
EndProject
Project("{9A19103F-16F7-4668-BE54-9A1E7A4F7556}") = "Catalog.API", "Services\Catalog\Catalog.API\Catalog.API.csproj", "{E244874B-9789-4160-9631-F60BB409B90B}"
EndProject
Project("{9A19103F-16F7-4668-BE54-9A1E7A4F7556}") = "AspnetRunBasics", "WebApps\AspnetRunBasics\AspnetRunBasics.csproj", "{9B95B37A-6A59-4FF7-81EF-8298D491F2EB}"
EndProject
Project("{9A19103F-16F7-4668-BE54-9A1E7A4F7556}") = "WebStatus", "WebApps\WebStatus\WebStatus.csproj", "{E97BDD4C-5F5A-4BED-A875-E048E256EA18}"
EndProject
Project("{E53339B2-1760-4266-BCC7-CA923CBCF16C}") = "docker-compose", "docker-compose.dcproj", "{3FF6093B-94D0-4F13-ABC2-045ECBA3A417}"
EndProject
Global
	GlobalSection(SolutionConfigurationPlatforms) = preSolution
		Debug|Any CPU = Debug|Any CPU
		Release|Any CPU = Release|Any CPU
	EndGlobalSection
	GlobalSection(ProjectConfigurationPlatforms) = postSolution
		{8CC07CA8-F652-465C-9CAD-69D952D42583}.Debug|Any CPU.ActiveCfg = Debug|Any CPU
		{8CC07CA8-F652-465C-9CAD-69D952D42583}.Debug|Any CPU.Build.0 = Debug|Any CPU
		{8CC07CA8-F652-465C-9CAD-69D952D42583}.Release|Any CPU.ActiveCfg = Release|Any CPU
		{8CC07CA8-F652-465C-9CAD-69D952D42583}.Release|Any CPU.Build.0 = Release|Any CPU
		{E3D463D4-294D-44CD-BCA2-896233069199}.Debug|Any CPU.ActiveCfg = Debug|Any CPU
		{E3D463D4-294D-44CD-BCA2-896233069199}.Debug|Any CPU.Build.0 = Debug|Any CPU
		{E3D463D4-294D-44CD-BCA2-896233069199}.Release|Any CPU.ActiveCfg = Release|Any CPU
		{E3D463D4-294D-44CD-BCA2-896233069199}.Release|Any CPU.Build.0 = Release|Any CPU
		{AD6E48F1-4F7C-4231-8BDA-E650D9A8F079}.Debug|Any CPU.ActiveCfg = Debug|Any CPU
		{AD6E48F1-4F7C-4231-8BDA-E650D9A8F079}.Debug|Any CPU.Build.0 = Debug|Any CPU
		{AD6E48F1-4F7C-4231-8BDA-E650D9A8F079}.Release|Any CPU.ActiveCfg = Release|Any CPU
		{AD6E48F1-4F7C-4231-8BDA-E650D9A8F079}.Release|Any CPU.Build.0 = Release|Any CPU
		{1D86D0BA-63A0-413A-9B4C-97A9DD801C5A}.Debug|Any CPU.ActiveCfg = Debug|Any CPU
		{1D86D0BA-63A0-413A-9B4C-97A9DD801C5A}.Debug|Any CPU.Build.0 = Debug|Any CPU
		{1D86D0BA-63A0-413A-9B4C-97A9DD801C5A}.Release|Any CPU.ActiveCfg = Release|Any CPU
		{1D86D0BA-63A0-413A-9B4C-97A9DD801C5A}.Release|Any CPU.Build.0 = Release|Any CPU
		{E3D6262A-18AB-40DB-AFB8-D4D344CE067B}.Debug|Any CPU.ActiveCfg = Debug|Any CPU
		{E3D6262A-18AB-40DB-AFB8-D4D344CE067B}.Debug|Any CPU.Build.0 = Debug|Any CPU
		{E3D6262A-18AB-40DB-AFB8-D4D344CE067B}.Release|Any CPU.ActiveCfg = Release|Any CPU
		{E3D6262A-18AB-40DB-AFB8-D4D344CE067B}.Release|Any CPU.Build.0 = Release|Any CPU
		{23D38235-C1E5-4913-99A9-2C6582E9B3D4}.Debug|Any CPU.ActiveCfg = Debug|Any CPU
		{23D38235-C1E5-4913-99A9-2C6582E9B3D4}.Debug|Any CPU.Build.0 = Debug|Any CPU
		{23D38235-C1E5-4913-99A9-2C6582E9B3D4}.Release|Any CPU.ActiveCfg = Release|Any CPU
		{23D38235-C1E5-4913-99A9-2C6582E9B3D4}.Release|Any CPU.Build.0 = Release|Any CPU
		{20FB993D-3067-4330-AC61-11375A011C56}.Debug|Any CPU.ActiveCfg = Debug|Any CPU
		{20FB993D-3067-4330-AC61-11375A011C56}.Debug|Any CPU.Build.0 = Debug|Any CPU
		{20FB993D-3067-4330-AC61-11375A011C56}.Release|Any CPU.ActiveCfg = Release|Any CPU
		{20FB993D-3067-4330-AC61-11375A011C56}.Release|Any CPU.Build.0 = Release|Any CPU
		{55A3E39D-0993-404F-85B9-938D6CAC0824}.Debug|Any CPU.ActiveCfg = Debug|Any CPU
		{55A3E39D-0993-404F-85B9-938D6CAC0824}.Debug|Any CPU.Build.0 = Debug|Any CPU
		{55A3E39D-0993-404F-85B9-938D6CAC0824}.Release|Any CPU.ActiveCfg = Release|Any CPU
		{55A3E39D-0993-404F-85B9-938D6CAC0824}.Release|Any CPU.Build.0 = Release|Any CPU
		{BA04436F-9B36-4D28-91CA-95798FCC3A72}.Debug|Any CPU.ActiveCfg = Debug|Any CPU
		{BA04436F-9B36-4D28-91CA-95798FCC3A72}.Debug|Any CPU.Build.0 = Debug|Any CPU
		{BA04436F-9B36-4D28-91CA-95798FCC3A72}.Release|Any CPU.ActiveCfg = Release|Any CPU
		{BA04436F-9B36-4D28-91CA-95798FCC3A72}.Release|Any CPU.Build.0 = Release|Any CPU
		{36488583-6061-4532-884A-EF503CE00088}.Debug|Any CPU.ActiveCfg = Debug|Any CPU
		{36488583-6061-4532-884A-EF503CE00088}.Debug|Any CPU.Build.0 = Debug|Any CPU
		{36488583-6061-4532-884A-EF503CE00088}.Release|Any CPU.ActiveCfg = Release|Any CPU
		{36488583-6061-4532-884A-EF503CE00088}.Release|Any CPU.Build.0 = Release|Any CPU
		{F5C1DA91-6188-48A5-8A51-E43258FEBEAD}.Debug|Any CPU.ActiveCfg = Debug|Any CPU
		{F5C1DA91-6188-48A5-8A51-E43258FEBEAD}.Debug|Any CPU.Build.0 = Debug|Any CPU
		{F5C1DA91-6188-48A5-8A51-E43258FEBEAD}.Release|Any CPU.ActiveCfg = Release|Any CPU
		{F5C1DA91-6188-48A5-8A51-E43258FEBEAD}.Release|Any CPU.Build.0 = Release|Any CPU
		{E244874B-9789-4160-9631-F60BB409B90B}.Debug|Any CPU.ActiveCfg = Debug|Any CPU
		{E244874B-9789-4160-9631-F60BB409B90B}.Debug|Any CPU.Build.0 = Debug|Any CPU
		{E244874B-9789-4160-9631-F60BB409B90B}.Release|Any CPU.ActiveCfg = Release|Any CPU
		{E244874B-9789-4160-9631-F60BB409B90B}.Release|Any CPU.Build.0 = Release|Any CPU
		{9B95B37A-6A59-4FF7-81EF-8298D491F2EB}.Debug|Any CPU.ActiveCfg = Debug|Any CPU
		{9B95B37A-6A59-4FF7-81EF-8298D491F2EB}.Debug|Any CPU.Build.0 = Debug|Any CPU
		{9B95B37A-6A59-4FF7-81EF-8298D491F2EB}.Release|Any CPU.ActiveCfg = Release|Any CPU
		{9B95B37A-6A59-4FF7-81EF-8298D491F2EB}.Release|Any CPU.Build.0 = Release|Any CPU
		{E97BDD4C-5F5A-4BED-A875-E048E256EA18}.Debug|Any CPU.ActiveCfg = Debug|Any CPU
		{E97BDD4C-5F5A-4BED-A875-E048E256EA18}.Debug|Any CPU.Build.0 = Debug|Any CPU
		{E97BDD4C-5F5A-4BED-A875-E048E256EA18}.Release|Any CPU.ActiveCfg = Release|Any CPU
		{E97BDD4C-5F5A-4BED-A875-E048E256EA18}.Release|Any CPU.Build.0 = Release|Any CPU
		{3FF6093B-94D0-4F13-ABC2-045ECBA3A417}.Debug|Any CPU.ActiveCfg = Debug|Any CPU
		{3FF6093B-94D0-4F13-ABC2-045ECBA3A417}.Debug|Any CPU.Build.0 = Debug|Any CPU
		{3FF6093B-94D0-4F13-ABC2-045ECBA3A417}.Release|Any CPU.ActiveCfg = Release|Any CPU
		{3FF6093B-94D0-4F13-ABC2-045ECBA3A417}.Release|Any CPU.Build.0 = Release|Any CPU
	EndGlobalSection
	GlobalSection(SolutionProperties) = preSolution
		HideSolutionNode = FALSE
	EndGlobalSection
	GlobalSection(NestedProjects) = preSolution
		{A4C8A9AE-485B-43F2-A1D0-2C6FD6B49360} = {9C94A247-D88F-4AFF-80A2-681B29E8BFCC}
		{E40A82F4-3D72-4D33-9343-C8E93BAAFC3B} = {9C94A247-D88F-4AFF-80A2-681B29E8BFCC}
		{8CC07CA8-F652-465C-9CAD-69D952D42583} = {E40A82F4-3D72-4D33-9343-C8E93BAAFC3B}
		{8D7EFB86-667A-42D1-9140-77DA93D8A39F} = {9C94A247-D88F-4AFF-80A2-681B29E8BFCC}
		{E3D463D4-294D-44CD-BCA2-896233069199} = {8D7EFB86-667A-42D1-9140-77DA93D8A39F}
		{AD6E48F1-4F7C-4231-8BDA-E650D9A8F079} = {8D7EFB86-667A-42D1-9140-77DA93D8A39F}
		{B4997E30-C26E-4705-81E2-11364FF719DF} = {9C94A247-D88F-4AFF-80A2-681B29E8BFCC}
		{1D86D0BA-63A0-413A-9B4C-97A9DD801C5A} = {B4997E30-C26E-4705-81E2-11364FF719DF}
		{E3D6262A-18AB-40DB-AFB8-D4D344CE067B} = {B4997E30-C26E-4705-81E2-11364FF719DF}
		{23D38235-C1E5-4913-99A9-2C6582E9B3D4} = {B4997E30-C26E-4705-81E2-11364FF719DF}
		{20FB993D-3067-4330-AC61-11375A011C56} = {B4997E30-C26E-4705-81E2-11364FF719DF}
		{55A3E39D-0993-404F-85B9-938D6CAC0824} = {766A6AF4-98C3-4078-8A58-96CA0FC5AE9E}
		{BA04436F-9B36-4D28-91CA-95798FCC3A72} = {766A6AF4-98C3-4078-8A58-96CA0FC5AE9E}
		{36488583-6061-4532-884A-EF503CE00088} = {9EAD4377-8CC7-4935-AD5A-EE6FEB6D9C94}
		{F5C1DA91-6188-48A5-8A51-E43258FEBEAD} = {9EAD4377-8CC7-4935-AD5A-EE6FEB6D9C94}
		{E244874B-9789-4160-9631-F60BB409B90B} = {A4C8A9AE-485B-43F2-A1D0-2C6FD6B49360}
		{9B95B37A-6A59-4FF7-81EF-8298D491F2EB} = {89367C0C-3BF7-4EBE-80B6-CF772E90AC72}
		{E97BDD4C-5F5A-4BED-A875-E048E256EA18} = {89367C0C-3BF7-4EBE-80B6-CF772E90AC72}
	EndGlobalSection
	GlobalSection(ExtensibilityGlobals) = postSolution
		SolutionGuid = {C724E195-BE5D-49E1-A276-C24E081671D3}
	EndGlobalSection
EndGlobal
